
Microsoft Visual Studio Solution File, Format Version 12.00
# Visual Studio Version 16
VisualStudioVersion = 16.0.30907.101
MinimumVisualStudioVersion = 10.0.40219.1
Project("{FAE04EC0-301F-11D3-BF4B-00C04F79EFBC}") = "FirstWCFService_111", "FirstWCFService_111\FirstWCFService_111.csproj", "{65F981E8-7974-4E71-8DB6-FF420A5BCF09}"
EndProject
Global
	GlobalSection(SolutionConfigurationPlatforms) = preSolution
		Debug|Any CPU = Debug|Any CPU
		Release|Any CPU = Release|Any CPU
	EndGlobalSection
	GlobalSection(ProjectConfigurationPlatforms) = postSolution
		{65F981E8-7974-4E71-8DB6-FF420A5BCF09}.Debug|Any CPU.ActiveCfg = Debug|Any CPU
		{65F981E8-7974-4E71-8DB6-FF420A5BCF09}.Debug|Any CPU.Build.0 = Debug|Any CPU
		{65F981E8-7974-4E71-8DB6-FF420A5BCF09}.Release|Any CPU.ActiveCfg = Release|Any CPU
		{65F981E8-7974-4E71-8DB6-FF420A5BCF09}.Release|Any CPU.Build.0 = Release|Any CPU
	EndGlobalSection
	GlobalSection(SolutionProperties) = preSolution
		HideSolutionNode = FALSE
	EndGlobalSection
	GlobalSection(ExtensibilityGlobals) = postSolution
		SolutionGuid = {23351521-4C56-4CE4-A7EF-0532F9E78E24}
	EndGlobalSection
EndGlobal
